
Microsoft Visual Studio Solution File, Format Version 12.00
# Visual Studio 15
VisualStudioVersion = 15.0.26730.12
MinimumVisualStudioVersion = 10.0.40219.1
Project("{FAE04EC0-301F-11D3-BF4B-00C04F79EFBC}") = "taggy", "taggy\taggy.csproj", "{856FB298-EBC0-41B4-BDEA-034FC0A7481F}"
EndProject
Global
	GlobalSection(SolutionConfigurationPlatforms) = preSolution
		Debug|Any CPU = Debug|Any CPU
		Release|Any CPU = Release|Any CPU
	EndGlobalSection
	GlobalSection(ProjectConfigurationPlatforms) = postSolution
		{856FB298-EBC0-41B4-BDEA-034FC0A7481F}.Debug|Any CPU.ActiveCfg = Debug|Any CPU
		{856FB298-EBC0-41B4-BDEA-034FC0A7481F}.Debug|Any CPU.Build.0 = Debug|Any CPU
		{856FB298-EBC0-41B4-BDEA-034FC0A7481F}.Release|Any CPU.ActiveCfg = Release|Any CPU
		{856FB298-EBC0-41B4-BDEA-034FC0A7481F}.Release|Any CPU.Build.0 = Release|Any CPU
	EndGlobalSection
	GlobalSection(SolutionProperties) = preSolution
		HideSolutionNode = FALSE
	EndGlobalSection
	GlobalSection(ExtensibilityGlobals) = postSolution
		SolutionGuid = {313E1A1B-81CE-4A19-8B6C-79D611DA7956}
	EndGlobalSection
EndGlobal
